// !$*UTF8*$!
{
	archiveVersion = 1;
	classes = {
	};
	objectVersion = 56;
	objects = {

/* Begin PBXBuildFile section */
		AE473AD82AFA156E0040630D /* native_appApp.swift in Sources */ = {isa = PBXBuildFile; fileRef = AE473AD72AFA156E0040630D /* native_appApp.swift */; };
		AE473ADA2AFA156E0040630D /* ContentView.swift in Sources */ = {isa = PBXBuildFile; fileRef = AE473AD92AFA156E0040630D /* ContentView.swift */; };
		AE473ADC2AFA15710040630D /* Assets.xcassets in Resources */ = {isa = PBXBuildFile; fileRef = AE473ADB2AFA15710040630D /* Assets.xcassets */; };
		AE473ADF2AFA15710040630D /* Preview Assets.xcassets in Resources */ = {isa = PBXBuildFile; fileRef = AE473ADE2AFA15710040630D /* Preview Assets.xcassets */; };
		AE473AE92AFA15710040630D /* native_appTests.swift in Sources */ = {isa = PBXBuildFile; fileRef = AE473AE82AFA15710040630D /* native_appTests.swift */; };
		AE473AF32AFA15710040630D /* native_appUITests.swift in Sources */ = {isa = PBXBuildFile; fileRef = AE473AF22AFA15710040630D /* native_appUITests.swift */; };
		AE473AF52AFA15710040630D /* native_appUITestsLaunchTests.swift in Sources */ = {isa = PBXBuildFile; fileRef = AE473AF42AFA15710040630D /* native_appUITestsLaunchTests.swift */; };
/* End PBXBuildFile section */

/* Begin PBXContainerItemProxy section */
		AE473AE52AFA15710040630D /* PBXContainerItemProxy */ = {
			isa = PBXContainerItemProxy;
			containerPortal = AE473ACC2AFA156E0040630D /* Project object */;
			proxyType = 1;
			remoteGlobalIDString = AE473AD32AFA156E0040630D;
			remoteInfo = "native app";
		};
		AE473AEF2AFA15710040630D /* PBXContainerItemProxy */ = {
			isa = PBXContainerItemProxy;
			containerPortal = AE473ACC2AFA156E0040630D /* Project object */;
			proxyType = 1;
			remoteGlobalIDString = AE473AD32AFA156E0040630D;
			remoteInfo = "native app";
		};
/* End PBXContainerItemProxy section */

/* Begin PBXFileReference section */
		AE473AD42AFA156E0040630D /* native app.app */ = {isa = PBXFileReference; explicitFileType = wrapper.application; includeInIndex = 0; path = "native app.app"; sourceTree = BUILT_PRODUCTS_DIR; };
		AE473AD72AFA156E0040630D /* native_appApp.swift */ = {isa = PBXFileReference; lastKnownFileType = sourcecode.swift; path = native_appApp.swift; sourceTree = "<group>"; };
		AE473AD92AFA156E0040630D /* ContentView.swift */ = {isa = PBXFileReference; lastKnownFileType = sourcecode.swift; path = ContentView.swift; sourceTree = "<group>"; };
		AE473ADB2AFA15710040630D /* Assets.xcassets */ = {isa = PBXFileReference; lastKnownFileType = folder.assetcatalog; path = Assets.xcassets; sourceTree = "<group>"; };
		AE473ADE2AFA15710040630D /* Preview Assets.xcassets */ = {isa = PBXFileReference; lastKnownFileType = folder.assetcatalog; path = "Preview Assets.xcassets"; sourceTree = "<group>"; };
		AE473AE42AFA15710040630D /* native appTests.xctest */ = {isa = PBXFileReference; explicitFileType = wrapper.cfbundle; includeInIndex = 0; path = "native appTests.xctest"; sourceTree = BUILT_PRODUCTS_DIR; };
		AE473AE82AFA15710040630D /* native_appTests.swift */ = {isa = PBXFileReference; lastKnownFileType = sourcecode.swift; path = native_appTests.swift; sourceTree = "<group>"; };
		AE473AEE2AFA15710040630D /* native appUITests.xctest */ = {isa = PBXFileReference; explicitFileType = wrapper.cfbundle; includeInIndex = 0; path = "native appUITests.xctest"; sourceTree = BUILT_PRODUCTS_DIR; };
		AE473AF22AFA15710040630D /* native_appUITests.swift */ = {isa = PBXFileReference; lastKnownFileType = sourcecode.swift; path = native_appUITests.swift; sourceTree = "<group>"; };
		AE473AF42AFA15710040630D /* native_appUITestsLaunchTests.swift */ = {isa = PBXFileReference; lastKnownFileType = sourcecode.swift; path = native_appUITestsLaunchTests.swift; sourceTree = "<group>"; };
/* End PBXFileReference section */

/* Begin PBXFrameworksBuildPhase section */
		AE473AD12AFA156E0040630D /* Frameworks */ = {
			isa = PBXFrameworksBuildPhase;
			buildActionMask = 2147483647;
			files = (
			);
			runOnlyForDeploymentPostprocessing = 0;
		};
		AE473AE12AFA15710040630D /* Frameworks */ = {
			isa = PBXFrameworksBuildPhase;
			buildActionMask = 2147483647;
			files = (
			);
			runOnlyForDeploymentPostprocessing = 0;
		};
		AE473AEB2AFA15710040630D /* Frameworks */ = {
			isa = PBXFrameworksBuildPhase;
			buildActionMask = 2147483647;
			files = (
			);
			runOnlyForDeploymentPostprocessing = 0;
		};
/* End PBXFrameworksBuildPhase section */

/* Begin PBXGroup section */
		AE473ACB2AFA156E0040630D = {
			isa = PBXGroup;
			children = (
				AE473AD62AFA156E0040630D /* native app */,
				AE473AE72AFA15710040630D /* native appTests */,
				AE473AF12AFA15710040630D /* native appUITests */,
				AE473AD52AFA156E0040630D /* Products */,
			);
			sourceTree = "<group>";
		};
		AE473AD52AFA156E0040630D /* Products */ = {
			isa = PBXGroup;
			children = (
				AE473AD42AFA156E0040630D /* native app.app */,
				AE473AE42AFA15710040630D /* native appTests.xctest */,
				AE473AEE2AFA15710040630D /* native appUITests.xctest */,
			);
			name = Products;
			sourceTree = "<group>";
		};
		AE473AD62AFA156E0040630D /* native app */ = {
			isa = PBXGroup;
			children = (
				AE473AD72AFA156E0040630D /* native_appApp.swift */,
				AE473AD92AFA156E0040630D /* ContentView.swift */,
				AE473ADB2AFA15710040630D /* Assets.xcassets */,
				AE473ADD2AFA15710040630D /* Preview Content */,
			);
			path = "native app";
			sourceTree = "<group>";
		};
		AE473ADD2AFA15710040630D /* Preview Content */ = {
			isa = PBXGroup;
			children = (
				AE473ADE2AFA15710040630D /* Preview Assets.xcassets */,
			);
			path = "Preview Content";
			sourceTree = "<group>";
		};
		AE473AE72AFA15710040630D /* native appTests */ = {
			isa = PBXGroup;
			children = (
				AE473AE82AFA15710040630D /* native_appTests.swift */,
			);
			path = "native appTests";
			sourceTree = "<group>";
		};
		AE473AF12AFA15710040630D /* native appUITests */ = {
			isa = PBXGroup;
			children = (
				AE473AF22AFA15710040630D /* native_appUITests.swift */,
				AE473AF42AFA15710040630D /* native_appUITestsLaunchTests.swift */,
			);
			path = "native appUITests";
			sourceTree = "<group>";
		};
/* End PBXGroup section */

/* Begin PBXNativeTarget section */
		AE473AD32AFA156E0040630D /* native app */ = {
			isa = PBXNativeTarget;
			buildConfigurationList = AE473AF82AFA15710040630D /* Build configuration list for PBXNativeTarget "native app" */;
			buildPhases = (
				AE473AD02AFA156E0040630D /* Sources */,
				AE473AD12AFA156E0040630D /* Frameworks */,
				AE473AD22AFA156E0040630D /* Resources */,
			);
			buildRules = (
			);
			dependencies = (
			);
			name = "native app";
			productName = "native app";
			productReference = AE473AD42AFA156E0040630D /* native app.app */;
			productType = "com.apple.product-type.application";
		};
		AE473AE32AFA15710040630D /* native appTests */ = {
			isa = PBXNativeTarget;
			buildConfigurationList = AE473AFB2AFA15710040630D /* Build configuration list for PBXNativeTarget "native appTests" */;
			buildPhases = (
				AE473AE02AFA15710040630D /* Sources */,
				AE473AE12AFA15710040630D /* Frameworks */,
				AE473AE22AFA15710040630D /* Resources */,
			);
			buildRules = (
			);
			dependencies = (
				AE473AE62AFA15710040630D /* PBXTargetDependency */,
			);
			name = "native appTests";
			productName = "native appTests";
			productReference = AE473AE42AFA15710040630D /* native appTests.xctest */;
			productType = "com.apple.product-type.bundle.unit-test";
		};
		AE473AED2AFA15710040630D /* native appUITests */ = {
			isa = PBXNativeTarget;
			buildConfigurationList = AE473AFE2AFA15710040630D /* Build configuration list for PBXNativeTarget "native appUITests" */;
			buildPhases = (
				AE473AEA2AFA15710040630D /* Sources */,
				AE473AEB2AFA15710040630D /* Frameworks */,
				AE473AEC2AFA15710040630D /* Resources */,
			);
			buildRules = (
			);
			dependencies = (
				AE473AF02AFA15710040630D /* PBXTargetDependency */,
			);
			name = "native appUITests";
			productName = "native appUITests";
			productReference = AE473AEE2AFA15710040630D /* native appUITests.xctest */;
			productType = "com.apple.product-type.bundle.ui-testing";
		};
/* End PBXNativeTarget section */

/* Begin PBXProject section */
		AE473ACC2AFA156E0040630D /* Project object */ = {
			isa = PBXProject;
			attributes = {
				BuildIndependentTargetsInParallel = 1;
				LastSwiftUpdateCheck = 1430;
				LastUpgradeCheck = 1430;
				TargetAttributes = {
					AE473AD32AFA156E0040630D = {
						CreatedOnToolsVersion = 14.3;
					};
					AE473AE32AFA15710040630D = {
						CreatedOnToolsVersion = 14.3;
						TestTargetID = AE473AD32AFA156E0040630D;
					};
					AE473AED2AFA15710040630D = {
						CreatedOnToolsVersion = 14.3;
						TestTargetID = AE473AD32AFA156E0040630D;
					};
				};
			};
			buildConfigurationList = AE473ACF2AFA156E0040630D /* Build configuration list for PBXProject "native app" */;
			compatibilityVersion = "Xcode 14.0";
			developmentRegion = en;
			hasScannedForEncodings = 0;
			knownRegions = (
				en,
				Base,
			);
			mainGroup = AE473ACB2AFA156E0040630D;
			productRefGroup = AE473AD52AFA156E0040630D /* Products */;
			projectDirPath = "";
			projectRoot = "";
			targets = (
				AE473AD32AFA156E0040630D /* native app */,
				AE473AE32AFA15710040630D /* native appTests */,
				AE473AED2AFA15710040630D /* native appUITests */,
			);
		};
/* End PBXProject section */

/* Begin PBXResourcesBuildPhase section */
		AE473AD22AFA156E0040630D /* Resources */ = {
			isa = PBXResourcesBuildPhase;
			buildActionMask = 2147483647;
			files = (
				AE473ADF2AFA15710040630D /* Preview Assets.xcassets in Resources */,
				AE473ADC2AFA15710040630D /* Assets.xcassets in Resources */,
			);
			runOnlyForDeploymentPostprocessing = 0;
		};
		AE473AE22AFA15710040630D /* Resources */ = {
			isa = PBXResourcesBuildPhase;
			buildActionMask = 2147483647;
			files = (
			);
			runOnlyForDeploymentPostprocessing = 0;
		};
		AE473AEC2AFA15710040630D /* Resources */ = {
			isa = PBXResourcesBuildPhase;
			buildActionMask = 2147483647;
			files = (
			);
			runOnlyForDeploymentPostprocessing = 0;
		};
/* End PBXResourcesBuildPhase section */

/* Begin PBXSourcesBuildPhase section */
		AE473AD02AFA156E0040630D /* Sources */ = {
			isa = PBXSourcesBuildPhase;
			buildActionMask = 2147483647;
			files = (
				AE473ADA2AFA156E0040630D /* ContentView.swift in Sources */,
				AE473AD82AFA156E0040630D /* native_appApp.swift in Sources */,
			);
			runOnlyForDeploymentPostprocessing = 0;
		};
		AE473AE02AFA15710040630D /* Sources */ = {
			isa = PBXSourcesBuildPhase;
			buildActionMask = 2147483647;
			files = (
				AE473AE92AFA15710040630D /* native_appTests.swift in Sources */,
			);
			runOnlyForDeploymentPostprocessing = 0;
		};
		AE473AEA2AFA15710040630D /* Sources */ = {
			isa = PBXSourcesBuildPhase;
			buildActionMask = 2147483647;
			files = (
				AE473AF32AFA15710040630D /* native_appUITests.swift in Sources */,
				AE473AF52AFA15710040630D /* native_appUITestsLaunchTests.swift in Sources */,
			);
			runOnlyForDeploymentPostprocessing = 0;
		};
/* End PBXSourcesBuildPhase section */

/* Begin PBXTargetDependency section */
		AE473AE62AFA15710040630D /* PBXTargetDependency */ = {
			isa = PBXTargetDependency;
			target = AE473AD32AFA156E0040630D /* native app */;
			targetProxy = AE473AE52AFA15710040630D /* PBXContainerItemProxy */;
		};
		AE473AF02AFA15710040630D /* PBXTargetDependency */ = {
			isa = PBXTargetDependency;
			target = AE473AD32AFA156E0040630D /* native app */;
			targetProxy = AE473AEF2AFA15710040630D /* PBXContainerItemProxy */;
		};
/* End PBXTargetDependency section */

/* Begin XCBuildConfiguration section */
		AE473AF62AFA15710040630D /* Debug */ = {
			isa = XCBuildConfiguration;
			buildSettings = {
				ALWAYS_SEARCH_USER_PATHS = NO;
				CLANG_ANALYZER_NONNULL = YES;
				CLANG_ANALYZER_NUMBER_OBJECT_CONVERSION = YES_AGGRESSIVE;
				CLANG_CXX_LANGUAGE_STANDARD = "gnu++20";
				CLANG_ENABLE_MODULES = YES;
				CLANG_ENABLE_OBJC_ARC = YES;
				CLANG_ENABLE_OBJC_WEAK = YES;
				CLANG_WARN_BLOCK_CAPTURE_AUTORELEASING = YES;
				CLANG_WARN_BOOL_CONVERSION = YES;
				CLANG_WARN_COMMA = YES;
				CLANG_WARN_CONSTANT_CONVERSION = YES;
				CLANG_WARN_DEPRECATED_OBJC_IMPLEMENTATIONS = YES;
				CLANG_WARN_DIRECT_OBJC_ISA_USAGE = YES_ERROR;
				CLANG_WARN_DOCUMENTATION_COMMENTS = YES;
				CLANG_WARN_EMPTY_BODY = YES;
				CLANG_WARN_ENUM_CONVERSION = YES;
				CLANG_WARN_INFINITE_RECURSION = YES;
				CLANG_WARN_INT_CONVERSION = YES;
				CLANG_WARN_NON_LITERAL_NULL_CONVERSION = YES;
				CLANG_WARN_OBJC_IMPLICIT_RETAIN_SELF = YES;
				CLANG_WARN_OBJC_LITERAL_CONVERSION = YES;
				CLANG_WARN_OBJC_ROOT_CLASS = YES_ERROR;
				CLANG_WARN_QUOTED_INCLUDE_IN_FRAMEWORK_HEADER = YES;
				CLANG_WARN_RANGE_LOOP_ANALYSIS = YES;
				CLANG_WARN_STRICT_PROTOTYPES = YES;
				CLANG_WARN_SUSPICIOUS_MOVE = YES;
				CLANG_WARN_UNGUARDED_AVAILABILITY = YES_AGGRESSIVE;
				CLANG_WARN_UNREACHABLE_CODE = YES;
				CLANG_WARN__DUPLICATE_METHOD_MATCH = YES;
				COPY_PHASE_STRIP = NO;
				DEBUG_INFORMATION_FORMAT = dwarf;
				ENABLE_STRICT_OBJC_MSGSEND = YES;
				ENABLE_TESTABILITY = YES;
				GCC_C_LANGUAGE_STANDARD = gnu11;
				GCC_DYNAMIC_NO_PIC = NO;
				GCC_NO_COMMON_BLOCKS = YES;
				GCC_OPTIMIZATION_LEVEL = 0;
				GCC_PREPROCESSOR_DEFINITIONS = (
					"DEBUG=1",
					"$(inherited)",
				);
				GCC_WARN_64_TO_32_BIT_CONVERSION = YES;
				GCC_WARN_ABOUT_RETURN_TYPE = YES_ERROR;
				GCC_WARN_UNDECLARED_SELECTOR = YES;
				GCC_WARN_UNINITIALIZED_AUTOS = YES_AGGRESSIVE;
				GCC_WARN_UNUSED_FUNCTION = YES;
				GCC_WARN_UNUSED_VARIABLE = YES;
				IPHONEOS_DEPLOYMENT_TARGET = 16.4;
				MTL_ENABLE_DEBUG_INFO = INCLUDE_SOURCE;
				MTL_FAST_MATH = YES;
				ONLY_ACTIVE_ARCH = YES;
				SDKROOT = iphoneos;
				SWIFT_ACTIVE_COMPILATION_CONDITIONS = DEBUG;
				SWIFT_OPTIMIZATION_LEVEL = "-Onone";
			};
			name = Debug;
		};
		AE473AF72AFA15710040630D /* Release */ = {
			isa = XCBuildConfiguration;
			buildSettings = {
				ALWAYS_SEARCH_USER_PATHS = NO;
				CLANG_ANALYZER_NONNULL = YES;
				CLANG_ANALYZER_NUMBER_OBJECT_CONVERSION = YES_AGGRESSIVE;
				CLANG_CXX_LANGUAGE_STANDARD = "gnu++20";
				CLANG_ENABLE_MODULES = YES;
				CLANG_ENABLE_OBJC_ARC = YES;
				CLANG_ENABLE_OBJC_WEAK = YES;
				CLANG_WARN_BLOCK_CAPTURE_AUTORELEASING = YES;
				CLANG_WARN_BOOL_CONVERSION = YES;
				CLANG_WARN_COMMA = YES;
				CLANG_WARN_CONSTANT_CONVERSION = YES;
				CLANG_WARN_DEPRECATED_OBJC_IMPLEMENTATIONS = YES;
				CLANG_WARN_DIRECT_OBJC_ISA_USAGE = YES_ERROR;
				CLANG_WARN_DOCUMENTATION_COMMENTS = YES;
				CLANG_WARN_EMPTY_BODY = YES;
				CLANG_WARN_ENUM_CONVERSION = YES;
				CLANG_WARN_INFINITE_RECURSION = YES;
				CLANG_WARN_INT_CONVERSION = YES;
				CLANG_WARN_NON_LITERAL_NULL_CONVERSION = YES;
				CLANG_WARN_OBJC_IMPLICIT_RETAIN_SELF = YES;
				CLANG_WARN_OBJC_LITERAL_CONVERSION = YES;
				CLANG_WARN_OBJC_ROOT_CLASS = YES_ERROR;
				CLANG_WARN_QUOTED_INCLUDE_IN_FRAMEWORK_HEADER = YES;
				CLANG_WARN_RANGE_LOOP_ANALYSIS = YES;
				CLANG_WARN_STRICT_PROTOTYPES = YES;
				CLANG_WARN_SUSPICIOUS_MOVE = YES;
				CLANG_WARN_UNGUARDED_AVAILABILITY = YES_AGGRESSIVE;
				CLANG_WARN_UNREACHABLE_CODE = YES;
				CLANG_WARN__DUPLICATE_METHOD_MATCH = YES;
				COPY_PHASE_STRIP = NO;
				DEBUG_INFORMATION_FORMAT = "dwarf-with-dsym";
				ENABLE_NS_ASSERTIONS = NO;
				ENABLE_STRICT_OBJC_MSGSEND = YES;
				GCC_C_LANGUAGE_STANDARD = gnu11;
				GCC_NO_COMMON_BLOCKS = YES;
				GCC_WARN_64_TO_32_BIT_CONVERSION = YES;
				GCC_WARN_ABOUT_RETURN_TYPE = YES_ERROR;
				GCC_WARN_UNDECLARED_SELECTOR = YES;
				GCC_WARN_UNINITIALIZED_AUTOS = YES_AGGRESSIVE;
				GCC_WARN_UNUSED_FUNCTION = YES;
				GCC_WARN_UNUSED_VARIABLE = YES;
				IPHONEOS_DEPLOYMENT_TARGET = 16.4;
				MTL_ENABLE_DEBUG_INFO = NO;
				MTL_FAST_MATH = YES;
				SDKROOT = iphoneos;
				SWIFT_COMPILATION_MODE = wholemodule;
				SWIFT_OPTIMIZATION_LEVEL = "-O";
				VALIDATE_PRODUCT = YES;
			};
			name = Release;
		};
		AE473AF92AFA15710040630D /* Debug */ = {
			isa = XCBuildConfiguration;
			buildSettings = {
				ASSETCATALOG_COMPILER_APPICON_NAME = AppIcon;
				ASSETCATALOG_COMPILER_GLOBAL_ACCENT_COLOR_NAME = AccentColor;
				CODE_SIGN_STYLE = Automatic;
				CURRENT_PROJECT_VERSION = 1;
				DEVELOPMENT_ASSET_PATHS = "\"native app/Preview Content\"";
				DEVELOPMENT_TEAM = 773DQ2K6A4;
				ENABLE_PREVIEWS = YES;
				GENERATE_INFOPLIST_FILE = YES;
				INFOPLIST_KEY_UIApplicationSceneManifest_Generation = YES;
				INFOPLIST_KEY_UIApplicationSupportsIndirectInputEvents = YES;
				INFOPLIST_KEY_UILaunchScreen_Generation = YES;
				INFOPLIST_KEY_UISupportedInterfaceOrientations_iPad = "UIInterfaceOrientationPortrait UIInterfaceOrientationPortraitUpsideDown UIInterfaceOrientationLandscapeLeft UIInterfaceOrientationLandscapeRight";
				INFOPLIST_KEY_UISupportedInterfaceOrientations_iPhone = "UIInterfaceOrientationPortrait UIInterfaceOrientationLandscapeLeft UIInterfaceOrientationLandscapeRight";
				LD_RUNPATH_SEARCH_PATHS = (
					"$(inherited)",
					"@executable_path/Frameworks",
				);
				MARKETING_VERSION = 1.0;
				PRODUCT_BUNDLE_IDENTIFIER = "techlogix.native-app";
				PRODUCT_NAME = "$(TARGET_NAME)";
				SWIFT_EMIT_LOC_STRINGS = YES;
				SWIFT_VERSION = 5.0;
				TARGETED_DEVICE_FAMILY = "1,2";
			};
			name = Debug;
		};
		AE473AFA2AFA15710040630D /* Release */ = {
			isa = XCBuildConfiguration;
			buildSettings = {
				ASSETCATALOG_COMPILER_APPICON_NAME = AppIcon;
				ASSETCATALOG_COMPILER_GLOBAL_ACCENT_COLOR_NAME = AccentColor;
				CODE_SIGN_STYLE = Automatic;
				CURRENT_PROJECT_VERSION = 1;
				DEVELOPMENT_ASSET_PATHS = "\"native app/Preview Content\"";
				DEVELOPMENT_TEAM = 773DQ2K6A4;
				ENABLE_PREVIEWS = YES;
				GENERATE_INFOPLIST_FILE = YES;
				INFOPLIST_KEY_UIApplicationSceneManifest_Generation = YES;
				INFOPLIST_KEY_UIApplicationSupportsIndirectInputEvents = YES;
				INFOPLIST_KEY_UILaunchScreen_Generation = YES;
				INFOPLIST_KEY_UISupportedInterfaceOrientations_iPad = "UIInterfaceOrientationPortrait UIInterfaceOrientationPortraitUpsideDown UIInterfaceOrientationLandscapeLeft UIInterfaceOrientationLandscapeRight";
				INFOPLIST_KEY_UISupportedInterfaceOrientations_iPhone = "UIInterfaceOrientationPortrait UIInterfaceOrientationLandscapeLeft UIInterfaceOrientationLandscapeRight";
				LD_RUNPATH_SEARCH_PATHS = (
					"$(inherited)",
					"@executable_path/Frameworks",
				);
				MARKETING_VERSION = 1.0;
				PRODUCT_BUNDLE_IDENTIFIER = "techlogix.native-app";
				PRODUCT_NAME = "$(TARGET_NAME)";
				SWIFT_EMIT_LOC_STRINGS = YES;
				SWIFT_VERSION = 5.0;
				TARGETED_DEVICE_FAMILY = "1,2";
			};
			name = Release;
		};
		AE473AFC2AFA15710040630D /* Debug */ = {
			isa = XCBuildConfiguration;
			buildSettings = {
				ALWAYS_EMBED_SWIFT_STANDARD_LIBRARIES = YES;
				BUNDLE_LOADER = "$(TEST_HOST)";
				CODE_SIGN_STYLE = Automatic;
				CURRENT_PROJECT_VERSION = 1;
				DEVELOPMENT_TEAM = 773DQ2K6A4;
				GENERATE_INFOPLIST_FILE = YES;
				IPHONEOS_DEPLOYMENT_TARGET = 16.4;
				MARKETING_VERSION = 1.0;
				PRODUCT_BUNDLE_IDENTIFIER = "techlogix.native-appTests";
				PRODUCT_NAME = "$(TARGET_NAME)";
				SWIFT_EMIT_LOC_STRINGS = NO;
				SWIFT_VERSION = 5.0;
				TARGETED_DEVICE_FAMILY = "1,2";
				TEST_HOST = "$(BUILT_PRODUCTS_DIR)/native app.app/$(BUNDLE_EXECUTABLE_FOLDER_PATH)/native app";
			};
			name = Debug;
		};
		AE473AFD2AFA15710040630D /* Release */ = {
			isa = XCBuildConfiguration;
			buildSettings = {
				ALWAYS_EMBED_SWIFT_STANDARD_LIBRARIES = YES;
				BUNDLE_LOADER = "$(TEST_HOST)";
				CODE_SIGN_STYLE = Automatic;
				CURRENT_PROJECT_VERSION = 1;
				DEVELOPMENT_TEAM = 773DQ2K6A4;
				GENERATE_INFOPLIST_FILE = YES;
				IPHONEOS_DEPLOYMENT_TARGET = 16.4;
				MARKETING_VERSION = 1.0;
				PRODUCT_BUNDLE_IDENTIFIER = "techlogix.native-appTests";
				PRODUCT_NAME = "$(TARGET_NAME)";
				SWIFT_EMIT_LOC_STRINGS = NO;
				SWIFT_VERSION = 5.0;
				TARGETED_DEVICE_FAMILY = "1,2";
				TEST_HOST = "$(BUILT_PRODUCTS_DIR)/native app.app/$(BUNDLE_EXECUTABLE_FOLDER_PATH)/native app";
			};
			name = Release;
		};
		AE473AFF2AFA15710040630D /* Debug */ = {
			isa = XCBuildConfiguration;
			buildSettings = {
				ALWAYS_EMBED_SWIFT_STANDARD_LIBRARIES = YES;
				CODE_SIGN_STYLE = Automatic;
				CURRENT_PROJECT_VERSION = 1;
				DEVELOPMENT_TEAM = 773DQ2K6A4;
				GENERATE_INFOPLIST_FILE = YES;
				MARKETING_VERSION = 1.0;
				PRODUCT_BUNDLE_IDENTIFIER = "techlogix.native-appUITests";
				PRODUCT_NAME = "$(TARGET_NAME)";
				SWIFT_EMIT_LOC_STRINGS = NO;
				SWIFT_VERSION = 5.0;
				TARGETED_DEVICE_FAMILY = "1,2";
				TEST_TARGET_NAME = "native app";
			};
			name = Debug;
		};
		AE473B002AFA15710040630D /* Release */ = {
			isa = XCBuildConfiguration;
			buildSettings = {
				ALWAYS_EMBED_SWIFT_STANDARD_LIBRARIES = YES;
				CODE_SIGN_STYLE = Automatic;
				CURRENT_PROJECT_VERSION = 1;
				DEVELOPMENT_TEAM = 773DQ2K6A4;
				GENERATE_INFOPLIST_FILE = YES;
				MARKETING_VERSION = 1.0;
				PRODUCT_BUNDLE_IDENTIFIER = "techlogix.native-appUITests";
				PRODUCT_NAME = "$(TARGET_NAME)";
				SWIFT_EMIT_LOC_STRINGS = NO;
				SWIFT_VERSION = 5.0;
				TARGETED_DEVICE_FAMILY = "1,2";
				TEST_TARGET_NAME = "native app";
			};
			name = Release;
		};
/* End XCBuildConfiguration section */

/* Begin XCConfigurationList section */
		AE473ACF2AFA156E0040630D /* Build configuration list for PBXProject "native app" */ = {
			isa = XCConfigurationList;
			buildConfigurations = (
				AE473AF62AFA15710040630D /* Debug */,
				AE473AF72AFA15710040630D /* Release */,
			);
			defaultConfigurationIsVisible = 0;
			defaultConfigurationName = Release;
		};
		AE473AF82AFA15710040630D /* Build configuration list for PBXNativeTarget "native app" */ = {
			isa = XCConfigurationList;
			buildConfigurations = (
				AE473AF92AFA15710040630D /* Debug */,
				AE473AFA2AFA15710040630D /* Release */,
			);
			defaultConfigurationIsVisible = 0;
			defaultConfigurationName = Release;
		};
		AE473AFB2AFA15710040630D /* Build configuration list for PBXNativeTarget "native appTests" */ = {
			isa = XCConfigurationList;
			buildConfigurations = (
				AE473AFC2AFA15710040630D /* Debug */,
				AE473AFD2AFA15710040630D /* Release */,
			);
			defaultConfigurationIsVisible = 0;
			defaultConfigurationName = Release;
		};
		AE473AFE2AFA15710040630D /* Build configuration list for PBXNativeTarget "native appUITests" */ = {
			isa = XCConfigurationList;
			buildConfigurations = (
				AE473AFF2AFA15710040630D /* Debug */,
				AE473B002AFA15710040630D /* Release */,
			);
			defaultConfigurationIsVisible = 0;
			defaultConfigurationName = Release;
		};
/* End XCConfigurationList section */
	};
	rootObject = AE473ACC2AFA156E0040630D /* Project object */;
}
